// !$*UTF8*$!
{
	archiveVersion = 1;
	classes = {
	};
	objectVersion = 55;
	objects = {

/* Begin PBXBuildFile section */
		7E8BAE6F2878F11D008841A7 /* superHeroApp.swift in Sources */ = {isa = PBXBuildFile; fileRef = 7E8BAE6E2878F11D008841A7 /* superHeroApp.swift */; };
		7E8BAE712878F11D008841A7 /* ContentView.swift in Sources */ = {isa = PBXBuildFile; fileRef = 7E8BAE702878F11D008841A7 /* ContentView.swift */; };
		7E8BAE732878F11F008841A7 /* Assets.xcassets in Resources */ = {isa = PBXBuildFile; fileRef = 7E8BAE722878F11F008841A7 /* Assets.xcassets */; };
		7E8BAE762878F11F008841A7 /* Preview Assets.xcassets in Resources */ = {isa = PBXBuildFile; fileRef = 7E8BAE752878F11F008841A7 /* Preview Assets.xcassets */; };
		7E8BAE802878F11F008841A7 /* superHeroTests.swift in Sources */ = {isa = PBXBuildFile; fileRef = 7E8BAE7F2878F11F008841A7 /* superHeroTests.swift */; };
		7E8BAE8A2878F11F008841A7 /* superHeroUITests.swift in Sources */ = {isa = PBXBuildFile; fileRef = 7E8BAE892878F11F008841A7 /* superHeroUITests.swift */; };
		7E8BAE8C2878F11F008841A7 /* superHeroUITestsLaunchTests.swift in Sources */ = {isa = PBXBuildFile; fileRef = 7E8BAE8B2878F11F008841A7 /* superHeroUITestsLaunchTests.swift */; };
/* End PBXBuildFile section */

/* Begin PBXContainerItemProxy section */
		7E8BAE7C2878F11F008841A7 /* PBXContainerItemProxy */ = {
			isa = PBXContainerItemProxy;
			containerPortal = 7E8BAE632878F11D008841A7 /* Project object */;
			proxyType = 1;
			remoteGlobalIDString = 7E8BAE6A2878F11D008841A7;
			remoteInfo = superHero;
		};
		7E8BAE862878F11F008841A7 /* PBXContainerItemProxy */ = {
			isa = PBXContainerItemProxy;
			containerPortal = 7E8BAE632878F11D008841A7 /* Project object */;
			proxyType = 1;
			remoteGlobalIDString = 7E8BAE6A2878F11D008841A7;
			remoteInfo = superHero;
		};
/* End PBXContainerItemProxy section */

/* Begin PBXFileReference section */
		7E8BAE6B2878F11D008841A7 /* superHero.app */ = {isa = PBXFileReference; explicitFileType = wrapper.application; includeInIndex = 0; path = superHero.app; sourceTree = BUILT_PRODUCTS_DIR; };
		7E8BAE6E2878F11D008841A7 /* superHeroApp.swift */ = {isa = PBXFileReference; lastKnownFileType = sourcecode.swift; path = superHeroApp.swift; sourceTree = "<group>"; };
		7E8BAE702878F11D008841A7 /* ContentView.swift */ = {isa = PBXFileReference; lastKnownFileType = sourcecode.swift; path = ContentView.swift; sourceTree = "<group>"; };
		7E8BAE722878F11F008841A7 /* Assets.xcassets */ = {isa = PBXFileReference; lastKnownFileType = folder.assetcatalog; path = Assets.xcassets; sourceTree = "<group>"; };
		7E8BAE752878F11F008841A7 /* Preview Assets.xcassets */ = {isa = PBXFileReference; lastKnownFileType = folder.assetcatalog; path = "Preview Assets.xcassets"; sourceTree = "<group>"; };
		7E8BAE7B2878F11F008841A7 /* superHeroTests.xctest */ = {isa = PBXFileReference; explicitFileType = wrapper.cfbundle; includeInIndex = 0; path = superHeroTests.xctest; sourceTree = BUILT_PRODUCTS_DIR; };
		7E8BAE7F2878F11F008841A7 /* superHeroTests.swift */ = {isa = PBXFileReference; lastKnownFileType = sourcecode.swift; path = superHeroTests.swift; sourceTree = "<group>"; };
		7E8BAE852878F11F008841A7 /* superHeroUITests.xctest */ = {isa = PBXFileReference; explicitFileType = wrapper.cfbundle; includeInIndex = 0; path = superHeroUITests.xctest; sourceTree = BUILT_PRODUCTS_DIR; };
		7E8BAE892878F11F008841A7 /* superHeroUITests.swift */ = {isa = PBXFileReference; lastKnownFileType = sourcecode.swift; path = superHeroUITests.swift; sourceTree = "<group>"; };
		7E8BAE8B2878F11F008841A7 /* superHeroUITestsLaunchTests.swift */ = {isa = PBXFileReference; lastKnownFileType = sourcecode.swift; path = superHeroUITestsLaunchTests.swift; sourceTree = "<group>"; };
/* End PBXFileReference section */

/* Begin PBXFrameworksBuildPhase section */
		7E8BAE682878F11D008841A7 /* Frameworks */ = {
			isa = PBXFrameworksBuildPhase;
			buildActionMask = 2147483647;
			files = (
			);
			runOnlyForDeploymentPostprocessing = 0;
		};
		7E8BAE782878F11F008841A7 /* Frameworks */ = {
			isa = PBXFrameworksBuildPhase;
			buildActionMask = 2147483647;
			files = (
			);
			runOnlyForDeploymentPostprocessing = 0;
		};
		7E8BAE822878F11F008841A7 /* Frameworks */ = {
			isa = PBXFrameworksBuildPhase;
			buildActionMask = 2147483647;
			files = (
			);
			runOnlyForDeploymentPostprocessing = 0;
		};
/* End PBXFrameworksBuildPhase section */

/* Begin PBXGroup section */
		7E8BAE622878F11D008841A7 = {
			isa = PBXGroup;
			children = (
				7E8BAE6D2878F11D008841A7 /* superHero */,
				7E8BAE7E2878F11F008841A7 /* superHeroTests */,
				7E8BAE882878F11F008841A7 /* superHeroUITests */,
				7E8BAE6C2878F11D008841A7 /* Products */,
			);
			sourceTree = "<group>";
		};
		7E8BAE6C2878F11D008841A7 /* Products */ = {
			isa = PBXGroup;
			children = (
				7E8BAE6B2878F11D008841A7 /* superHero.app */,
				7E8BAE7B2878F11F008841A7 /* superHeroTests.xctest */,
				7E8BAE852878F11F008841A7 /* superHeroUITests.xctest */,
			);
			name = Products;
			sourceTree = "<group>";
		};
		7E8BAE6D2878F11D008841A7 /* superHero */ = {
			isa = PBXGroup;
			children = (
				7E8BAE6E2878F11D008841A7 /* superHeroApp.swift */,
				7E8BAE702878F11D008841A7 /* ContentView.swift */,
				7E8BAE722878F11F008841A7 /* Assets.xcassets */,
				7E8BAE742878F11F008841A7 /* Preview Content */,
			);
			path = superHero;
			sourceTree = "<group>";
		};
		7E8BAE742878F11F008841A7 /* Preview Content */ = {
			isa = PBXGroup;
			children = (
				7E8BAE752878F11F008841A7 /* Preview Assets.xcassets */,
			);
			path = "Preview Content";
			sourceTree = "<group>";
		};
		7E8BAE7E2878F11F008841A7 /* superHeroTests */ = {
			isa = PBXGroup;
			children = (
				7E8BAE7F2878F11F008841A7 /* superHeroTests.swift */,
			);
			path = superHeroTests;
			sourceTree = "<group>";
		};
		7E8BAE882878F11F008841A7 /* superHeroUITests */ = {
			isa = PBXGroup;
			children = (
				7E8BAE892878F11F008841A7 /* superHeroUITests.swift */,
				7E8BAE8B2878F11F008841A7 /* superHeroUITestsLaunchTests.swift */,
			);
			path = superHeroUITests;
			sourceTree = "<group>";
		};
/* End PBXGroup section */

/* Begin PBXNativeTarget section */
		7E8BAE6A2878F11D008841A7 /* superHero */ = {
			isa = PBXNativeTarget;
			buildConfigurationList = 7E8BAE8F2878F11F008841A7 /* Build configuration list for PBXNativeTarget "superHero" */;
			buildPhases = (
				7E8BAE672878F11D008841A7 /* Sources */,
				7E8BAE682878F11D008841A7 /* Frameworks */,
				7E8BAE692878F11D008841A7 /* Resources */,
			);
			buildRules = (
			);
			dependencies = (
			);
			name = superHero;
			productName = superHero;
			productReference = 7E8BAE6B2878F11D008841A7 /* superHero.app */;
			productType = "com.apple.product-type.application";
		};
		7E8BAE7A2878F11F008841A7 /* superHeroTests */ = {
			isa = PBXNativeTarget;
			buildConfigurationList = 7E8BAE922878F11F008841A7 /* Build configuration list for PBXNativeTarget "superHeroTests" */;
			buildPhases = (
				7E8BAE772878F11F008841A7 /* Sources */,
				7E8BAE782878F11F008841A7 /* Frameworks */,
				7E8BAE792878F11F008841A7 /* Resources */,
			);
			buildRules = (
			);
			dependencies = (
				7E8BAE7D2878F11F008841A7 /* PBXTargetDependency */,
			);
			name = superHeroTests;
			productName = superHeroTests;
			productReference = 7E8BAE7B2878F11F008841A7 /* superHeroTests.xctest */;
			productType = "com.apple.product-type.bundle.unit-test";
		};
		7E8BAE842878F11F008841A7 /* superHeroUITests */ = {
			isa = PBXNativeTarget;
			buildConfigurationList = 7E8BAE952878F11F008841A7 /* Build configuration list for PBXNativeTarget "superHeroUITests" */;
			buildPhases = (
				7E8BAE812878F11F008841A7 /* Sources */,
				7E8BAE822878F11F008841A7 /* Frameworks */,
				7E8BAE832878F11F008841A7 /* Resources */,
			);
			buildRules = (
			);
			dependencies = (
				7E8BAE872878F11F008841A7 /* PBXTargetDependency */,
			);
			name = superHeroUITests;
			productName = superHeroUITests;
			productReference = 7E8BAE852878F11F008841A7 /* superHeroUITests.xctest */;
			productType = "com.apple.product-type.bundle.ui-testing";
		};
/* End PBXNativeTarget section */

/* Begin PBXProject section */
		7E8BAE632878F11D008841A7 /* Project object */ = {
			isa = PBXProject;
			attributes = {
				BuildIndependentTargetsInParallel = 1;
				LastSwiftUpdateCheck = 1330;
				LastUpgradeCheck = 1330;
				TargetAttributes = {
					7E8BAE6A2878F11D008841A7 = {
						CreatedOnToolsVersion = 13.3.1;
					};
					7E8BAE7A2878F11F008841A7 = {
						CreatedOnToolsVersion = 13.3.1;
						TestTargetID = 7E8BAE6A2878F11D008841A7;
					};
					7E8BAE842878F11F008841A7 = {
						CreatedOnToolsVersion = 13.3.1;
						TestTargetID = 7E8BAE6A2878F11D008841A7;
					};
				};
			};
			buildConfigurationList = 7E8BAE662878F11D008841A7 /* Build configuration list for PBXProject "superHero" */;
			compatibilityVersion = "Xcode 13.0";
			developmentRegion = en;
			hasScannedForEncodings = 0;
			knownRegions = (
				en,
				Base,
			);
			mainGroup = 7E8BAE622878F11D008841A7;
			productRefGroup = 7E8BAE6C2878F11D008841A7 /* Products */;
			projectDirPath = "";
			projectRoot = "";
			targets = (
				7E8BAE6A2878F11D008841A7 /* superHero */,
				7E8BAE7A2878F11F008841A7 /* superHeroTests */,
				7E8BAE842878F11F008841A7 /* superHeroUITests */,
			);
		};
/* End PBXProject section */

/* Begin PBXResourcesBuildPhase section */
		7E8BAE692878F11D008841A7 /* Resources */ = {
			isa = PBXResourcesBuildPhase;
			buildActionMask = 2147483647;
			files = (
				7E8BAE762878F11F008841A7 /* Preview Assets.xcassets in Resources */,
				7E8BAE732878F11F008841A7 /* Assets.xcassets in Resources */,
			);
			runOnlyForDeploymentPostprocessing = 0;
		};
		7E8BAE792878F11F008841A7 /* Resources */ = {
			isa = PBXResourcesBuildPhase;
			buildActionMask = 2147483647;
			files = (
			);
			runOnlyForDeploymentPostprocessing = 0;
		};
		7E8BAE832878F11F008841A7 /* Resources */ = {
			isa = PBXResourcesBuildPhase;
			buildActionMask = 2147483647;
			files = (
			);
			runOnlyForDeploymentPostprocessing = 0;
		};
/* End PBXResourcesBuildPhase section */

/* Begin PBXSourcesBuildPhase section */
		7E8BAE672878F11D008841A7 /* Sources */ = {
			isa = PBXSourcesBuildPhase;
			buildActionMask = 2147483647;
			files = (
				7E8BAE712878F11D008841A7 /* ContentView.swift in Sources */,
				7E8BAE6F2878F11D008841A7 /* superHeroApp.swift in Sources */,
			);
			runOnlyForDeploymentPostprocessing = 0;
		};
		7E8BAE772878F11F008841A7 /* Sources */ = {
			isa = PBXSourcesBuildPhase;
			buildActionMask = 2147483647;
			files = (
				7E8BAE802878F11F008841A7 /* superHeroTests.swift in Sources */,
			);
			runOnlyForDeploymentPostprocessing = 0;
		};
		7E8BAE812878F11F008841A7 /* Sources */ = {
			isa = PBXSourcesBuildPhase;
			buildActionMask = 2147483647;
			files = (
				7E8BAE8C2878F11F008841A7 /* superHeroUITestsLaunchTests.swift in Sources */,
				7E8BAE8A2878F11F008841A7 /* superHeroUITests.swift in Sources */,
			);
			runOnlyForDeploymentPostprocessing = 0;
		};
/* End PBXSourcesBuildPhase section */

/* Begin PBXTargetDependency section */
		7E8BAE7D2878F11F008841A7 /* PBXTargetDependency */ = {
			isa = PBXTargetDependency;
			target = 7E8BAE6A2878F11D008841A7 /* superHero */;
			targetProxy = 7E8BAE7C2878F11F008841A7 /* PBXContainerItemProxy */;
		};
		7E8BAE872878F11F008841A7 /* PBXTargetDependency */ = {
			isa = PBXTargetDependency;
			target = 7E8BAE6A2878F11D008841A7 /* superHero */;
			targetProxy = 7E8BAE862878F11F008841A7 /* PBXContainerItemProxy */;
		};
/* End PBXTargetDependency section */

/* Begin XCBuildConfiguration section */
		7E8BAE8D2878F11F008841A7 /* Debug */ = {
			isa = XCBuildConfiguration;
			buildSettings = {
				ALWAYS_SEARCH_USER_PATHS = NO;
				CLANG_ANALYZER_NONNULL = YES;
				CLANG_ANALYZER_NUMBER_OBJECT_CONVERSION = YES_AGGRESSIVE;
				CLANG_CXX_LANGUAGE_STANDARD = "gnu++17";
				CLANG_ENABLE_MODULES = YES;
				CLANG_ENABLE_OBJC_ARC = YES;
				CLANG_ENABLE_OBJC_WEAK = YES;
				CLANG_WARN_BLOCK_CAPTURE_AUTORELEASING = YES;
				CLANG_WARN_BOOL_CONVERSION = YES;
				CLANG_WARN_COMMA = YES;
				CLANG_WARN_CONSTANT_CONVERSION = YES;
				CLANG_WARN_DEPRECATED_OBJC_IMPLEMENTATIONS = YES;
				CLANG_WARN_DIRECT_OBJC_ISA_USAGE = YES_ERROR;
				CLANG_WARN_DOCUMENTATION_COMMENTS = YES;
				CLANG_WARN_EMPTY_BODY = YES;
				CLANG_WARN_ENUM_CONVERSION = YES;
				CLANG_WARN_INFINITE_RECURSION = YES;
				CLANG_WARN_INT_CONVERSION = YES;
				CLANG_WARN_NON_LITERAL_NULL_CONVERSION = YES;
				CLANG_WARN_OBJC_IMPLICIT_RETAIN_SELF = YES;
				CLANG_WARN_OBJC_LITERAL_CONVERSION = YES;
				CLANG_WARN_OBJC_ROOT_CLASS = YES_ERROR;
				CLANG_WARN_QUOTED_INCLUDE_IN_FRAMEWORK_HEADER = YES;
				CLANG_WARN_RANGE_LOOP_ANALYSIS = YES;
				CLANG_WARN_STRICT_PROTOTYPES = YES;
				CLANG_WARN_SUSPICIOUS_MOVE = YES;
				CLANG_WARN_UNGUARDED_AVAILABILITY = YES_AGGRESSIVE;
				CLANG_WARN_UNREACHABLE_CODE = YES;
				CLANG_WARN__DUPLICATE_METHOD_MATCH = YES;
				COPY_PHASE_STRIP = NO;
				DEBUG_INFORMATION_FORMAT = dwarf;
				ENABLE_STRICT_OBJC_MSGSEND = YES;
				ENABLE_TESTABILITY = YES;
				GCC_C_LANGUAGE_STANDARD = gnu11;
				GCC_DYNAMIC_NO_PIC = NO;
				GCC_NO_COMMON_BLOCKS = YES;
				GCC_OPTIMIZATION_LEVEL = 0;
				GCC_PREPROCESSOR_DEFINITIONS = (
					"DEBUG=1",
					"$(inherited)",
				);
				GCC_WARN_64_TO_32_BIT_CONVERSION = YES;
				GCC_WARN_ABOUT_RETURN_TYPE = YES_ERROR;
				GCC_WARN_UNDECLARED_SELECTOR = YES;
				GCC_WARN_UNINITIALIZED_AUTOS = YES_AGGRESSIVE;
				GCC_WARN_UNUSED_FUNCTION = YES;
				GCC_WARN_UNUSED_VARIABLE = YES;
				IPHONEOS_DEPLOYMENT_TARGET = 15.4;
				MTL_ENABLE_DEBUG_INFO = INCLUDE_SOURCE;
				MTL_FAST_MATH = YES;
				ONLY_ACTIVE_ARCH = YES;
				SDKROOT = iphoneos;
				SWIFT_ACTIVE_COMPILATION_CONDITIONS = DEBUG;
				SWIFT_OPTIMIZATION_LEVEL = "-Onone";
			};
			name = Debug;
		};
		7E8BAE8E2878F11F008841A7 /* Release */ = {
			isa = XCBuildConfiguration;
			buildSettings = {
				ALWAYS_SEARCH_USER_PATHS = NO;
				CLANG_ANALYZER_NONNULL = YES;
				CLANG_ANALYZER_NUMBER_OBJECT_CONVERSION = YES_AGGRESSIVE;
				CLANG_CXX_LANGUAGE_STANDARD = "gnu++17";
				CLANG_ENABLE_MODULES = YES;
				CLANG_ENABLE_OBJC_ARC = YES;
				CLANG_ENABLE_OBJC_WEAK = YES;
				CLANG_WARN_BLOCK_CAPTURE_AUTORELEASING = YES;
				CLANG_WARN_BOOL_CONVERSION = YES;
				CLANG_WARN_COMMA = YES;
				CLANG_WARN_CONSTANT_CONVERSION = YES;
				CLANG_WARN_DEPRECATED_OBJC_IMPLEMENTATIONS = YES;
				CLANG_WARN_DIRECT_OBJC_ISA_USAGE = YES_ERROR;
				CLANG_WARN_DOCUMENTATION_COMMENTS = YES;
				CLANG_WARN_EMPTY_BODY = YES;
				CLANG_WARN_ENUM_CONVERSION = YES;
				CLANG_WARN_INFINITE_RECURSION = YES;
				CLANG_WARN_INT_CONVERSION = YES;
				CLANG_WARN_NON_LITERAL_NULL_CONVERSION = YES;
				CLANG_WARN_OBJC_IMPLICIT_RETAIN_SELF = YES;
				CLANG_WARN_OBJC_LITERAL_CONVERSION = YES;
				CLANG_WARN_OBJC_ROOT_CLASS = YES_ERROR;
				CLANG_WARN_QUOTED_INCLUDE_IN_FRAMEWORK_HEADER = YES;
				CLANG_WARN_RANGE_LOOP_ANALYSIS = YES;
				CLANG_WARN_STRICT_PROTOTYPES = YES;
				CLANG_WARN_SUSPICIOUS_MOVE = YES;
				CLANG_WARN_UNGUARDED_AVAILABILITY = YES_AGGRESSIVE;
				CLANG_WARN_UNREACHABLE_CODE = YES;
				CLANG_WARN__DUPLICATE_METHOD_MATCH = YES;
				COPY_PHASE_STRIP = NO;
				DEBUG_INFORMATION_FORMAT = "dwarf-with-dsym";
				ENABLE_NS_ASSERTIONS = NO;
				ENABLE_STRICT_OBJC_MSGSEND = YES;
				GCC_C_LANGUAGE_STANDARD = gnu11;
				GCC_NO_COMMON_BLOCKS = YES;
				GCC_WARN_64_TO_32_BIT_CONVERSION = YES;
				GCC_WARN_ABOUT_RETURN_TYPE = YES_ERROR;
				GCC_WARN_UNDECLARED_SELECTOR = YES;
				GCC_WARN_UNINITIALIZED_AUTOS = YES_AGGRESSIVE;
				GCC_WARN_UNUSED_FUNCTION = YES;
				GCC_WARN_UNUSED_VARIABLE = YES;
				IPHONEOS_DEPLOYMENT_TARGET = 15.4;
				MTL_ENABLE_DEBUG_INFO = NO;
				MTL_FAST_MATH = YES;
				SDKROOT = iphoneos;
				SWIFT_COMPILATION_MODE = wholemodule;
				SWIFT_OPTIMIZATION_LEVEL = "-O";
				VALIDATE_PRODUCT = YES;
			};
			name = Release;
		};
		7E8BAE902878F11F008841A7 /* Debug */ = {
			isa = XCBuildConfiguration;
			buildSettings = {
				ASSETCATALOG_COMPILER_APPICON_NAME = AppIcon;
				ASSETCATALOG_COMPILER_GLOBAL_ACCENT_COLOR_NAME = AccentColor;
				CODE_SIGN_STYLE = Automatic;
				CURRENT_PROJECT_VERSION = 1;
				DEVELOPMENT_ASSET_PATHS = "\"superHero/Preview Content\"";
				DEVELOPMENT_TEAM = 3LGR4W73V5;
				ENABLE_PREVIEWS = YES;
				GENERATE_INFOPLIST_FILE = YES;
				INFOPLIST_KEY_UIApplicationSceneManifest_Generation = YES;
				INFOPLIST_KEY_UIApplicationSupportsIndirectInputEvents = YES;
				INFOPLIST_KEY_UILaunchScreen_Generation = YES;
				INFOPLIST_KEY_UISupportedInterfaceOrientations_iPad = "UIInterfaceOrientationPortrait UIInterfaceOrientationPortraitUpsideDown UIInterfaceOrientationLandscapeLeft UIInterfaceOrientationLandscapeRight";
				INFOPLIST_KEY_UISupportedInterfaceOrientations_iPhone = "UIInterfaceOrientationPortrait UIInterfaceOrientationLandscapeLeft UIInterfaceOrientationLandscapeRight";
				LD_RUNPATH_SEARCH_PATHS = (
					"$(inherited)",
					"@executable_path/Frameworks",
				);
				MARKETING_VERSION = 1.0;
				PRODUCT_BUNDLE_IDENTIFIER = com.rammzan.super.hero.superHero;
				PRODUCT_NAME = "$(TARGET_NAME)";
				SWIFT_EMIT_LOC_STRINGS = YES;
				SWIFT_VERSION = 5.0;
				TARGETED_DEVICE_FAMILY = "1,2";
			};
			name = Debug;
		};
		7E8BAE912878F11F008841A7 /* Release */ = {
			isa = XCBuildConfiguration;
			buildSettings = {
				ASSETCATALOG_COMPILER_APPICON_NAME = AppIcon;
				ASSETCATALOG_COMPILER_GLOBAL_ACCENT_COLOR_NAME = AccentColor;
				CODE_SIGN_STYLE = Automatic;
				CURRENT_PROJECT_VERSION = 1;
				DEVELOPMENT_ASSET_PATHS = "\"superHero/Preview Content\"";
				DEVELOPMENT_TEAM = 3LGR4W73V5;
				ENABLE_PREVIEWS = YES;
				GENERATE_INFOPLIST_FILE = YES;
				INFOPLIST_KEY_UIApplicationSceneManifest_Generation = YES;
				INFOPLIST_KEY_UIApplicationSupportsIndirectInputEvents = YES;
				INFOPLIST_KEY_UILaunchScreen_Generation = YES;
				INFOPLIST_KEY_UISupportedInterfaceOrientations_iPad = "UIInterfaceOrientationPortrait UIInterfaceOrientationPortraitUpsideDown UIInterfaceOrientationLandscapeLeft UIInterfaceOrientationLandscapeRight";
				INFOPLIST_KEY_UISupportedInterfaceOrientations_iPhone = "UIInterfaceOrientationPortrait UIInterfaceOrientationLandscapeLeft UIInterfaceOrientationLandscapeRight";
				LD_RUNPATH_SEARCH_PATHS = (
					"$(inherited)",
					"@executable_path/Frameworks",
				);
				MARKETING_VERSION = 1.0;
				PRODUCT_BUNDLE_IDENTIFIER = com.rammzan.super.hero.superHero;
				PRODUCT_NAME = "$(TARGET_NAME)";
				SWIFT_EMIT_LOC_STRINGS = YES;
				SWIFT_VERSION = 5.0;
				TARGETED_DEVICE_FAMILY = "1,2";
			};
			name = Release;
		};
		7E8BAE932878F11F008841A7 /* Debug */ = {
			isa = XCBuildConfiguration;
			buildSettings = {
				ALWAYS_EMBED_SWIFT_STANDARD_LIBRARIES = YES;
				BUNDLE_LOADER = "$(TEST_HOST)";
				CODE_SIGN_STYLE = Automatic;
				CURRENT_PROJECT_VERSION = 1;
				DEVELOPMENT_TEAM = 3LGR4W73V5;
				GENERATE_INFOPLIST_FILE = YES;
				IPHONEOS_DEPLOYMENT_TARGET = 15.4;
				MARKETING_VERSION = 1.0;
				PRODUCT_BUNDLE_IDENTIFIER = com.rammzan.super.hero.superHeroTests;
				PRODUCT_NAME = "$(TARGET_NAME)";
				SWIFT_EMIT_LOC_STRINGS = NO;
				SWIFT_VERSION = 5.0;
				TARGETED_DEVICE_FAMILY = "1,2";
				TEST_HOST = "$(BUILT_PRODUCTS_DIR)/superHero.app/superHero";
			};
			name = Debug;
		};
		7E8BAE942878F11F008841A7 /* Release */ = {
			isa = XCBuildConfiguration;
			buildSettings = {
				ALWAYS_EMBED_SWIFT_STANDARD_LIBRARIES = YES;
				BUNDLE_LOADER = "$(TEST_HOST)";
				CODE_SIGN_STYLE = Automatic;
				CURRENT_PROJECT_VERSION = 1;
				DEVELOPMENT_TEAM = 3LGR4W73V5;
				GENERATE_INFOPLIST_FILE = YES;
				IPHONEOS_DEPLOYMENT_TARGET = 15.4;
				MARKETING_VERSION = 1.0;
				PRODUCT_BUNDLE_IDENTIFIER = com.rammzan.super.hero.superHeroTests;
				PRODUCT_NAME = "$(TARGET_NAME)";
				SWIFT_EMIT_LOC_STRINGS = NO;
				SWIFT_VERSION = 5.0;
				TARGETED_DEVICE_FAMILY = "1,2";
				TEST_HOST = "$(BUILT_PRODUCTS_DIR)/superHero.app/superHero";
			};
			name = Release;
		};
		7E8BAE962878F11F008841A7 /* Debug */ = {
			isa = XCBuildConfiguration;
			buildSettings = {
				ALWAYS_EMBED_SWIFT_STANDARD_LIBRARIES = YES;
				CODE_SIGN_STYLE = Automatic;
				CURRENT_PROJECT_VERSION = 1;
				DEVELOPMENT_TEAM = 3LGR4W73V5;
				GENERATE_INFOPLIST_FILE = YES;
				MARKETING_VERSION = 1.0;
				PRODUCT_BUNDLE_IDENTIFIER = com.rammzan.super.hero.superHeroUITests;
				PRODUCT_NAME = "$(TARGET_NAME)";
				SWIFT_EMIT_LOC_STRINGS = NO;
				SWIFT_VERSION = 5.0;
				TARGETED_DEVICE_FAMILY = "1,2";
				TEST_TARGET_NAME = superHero;
			};
			name = Debug;
		};
		7E8BAE972878F11F008841A7 /* Release */ = {
			isa = XCBuildConfiguration;
			buildSettings = {
				ALWAYS_EMBED_SWIFT_STANDARD_LIBRARIES = YES;
				CODE_SIGN_STYLE = Automatic;
				CURRENT_PROJECT_VERSION = 1;
				DEVELOPMENT_TEAM = 3LGR4W73V5;
				GENERATE_INFOPLIST_FILE = YES;
				MARKETING_VERSION = 1.0;
				PRODUCT_BUNDLE_IDENTIFIER = com.rammzan.super.hero.superHeroUITests;
				PRODUCT_NAME = "$(TARGET_NAME)";
				SWIFT_EMIT_LOC_STRINGS = NO;
				SWIFT_VERSION = 5.0;
				TARGETED_DEVICE_FAMILY = "1,2";
				TEST_TARGET_NAME = superHero;
			};
			name = Release;
		};
/* End XCBuildConfiguration section */

/* Begin XCConfigurationList section */
		7E8BAE662878F11D008841A7 /* Build configuration list for PBXProject "superHero" */ = {
			isa = XCConfigurationList;
			buildConfigurations = (
				7E8BAE8D2878F11F008841A7 /* Debug */,
				7E8BAE8E2878F11F008841A7 /* Release */,
			);
			defaultConfigurationIsVisible = 0;
			defaultConfigurationName = Release;
		};
		7E8BAE8F2878F11F008841A7 /* Build configuration list for PBXNativeTarget "superHero" */ = {
			isa = XCConfigurationList;
			buildConfigurations = (
				7E8BAE902878F11F008841A7 /* Debug */,
				7E8BAE912878F11F008841A7 /* Release */,
			);
			defaultConfigurationIsVisible = 0;
			defaultConfigurationName = Release;
		};
		7E8BAE922878F11F008841A7 /* Build configuration list for PBXNativeTarget "superHeroTests" */ = {
			isa = XCConfigurationList;
			buildConfigurations = (
				7E8BAE932878F11F008841A7 /* Debug */,
				7E8BAE942878F11F008841A7 /* Release */,
			);
			defaultConfigurationIsVisible = 0;
			defaultConfigurationName = Release;
		};
		7E8BAE952878F11F008841A7 /* Build configuration list for PBXNativeTarget "superHeroUITests" */ = {
			isa = XCConfigurationList;
			buildConfigurations = (
				7E8BAE962878F11F008841A7 /* Debug */,
				7E8BAE972878F11F008841A7 /* Release */,
			);
			defaultConfigurationIsVisible = 0;
			defaultConfigurationName = Release;
		};
/* End XCConfigurationList section */
	};
	rootObject = 7E8BAE632878F11D008841A7 /* Project object */;
}
